
Microsoft Visual Studio Solution File, Format Version 12.00
# Visual Studio 15
VisualStudioVersion = 15.0.28307.572
MinimumVisualStudioVersion = 10.0.40219.1
Project("{FAE04EC0-301F-11D3-BF4B-00C04F79EFBC}") = "ProjetoInicio", "ProjetoInicio\ProjetoInicio.csproj", "{0323023C-B8DA-4529-BF31-0BAFAD0410BB}"
EndProject
Global
	GlobalSection(SolutionConfigurationPlatforms) = preSolution
		Debug|Any CPU = Debug|Any CPU
		Release|Any CPU = Release|Any CPU
	EndGlobalSection
	GlobalSection(ProjectConfigurationPlatforms) = postSolution
		{0323023C-B8DA-4529-BF31-0BAFAD0410BB}.Debug|Any CPU.ActiveCfg = Debug|Any CPU
		{0323023C-B8DA-4529-BF31-0BAFAD0410BB}.Debug|Any CPU.Build.0 = Debug|Any CPU
		{0323023C-B8DA-4529-BF31-0BAFAD0410BB}.Release|Any CPU.ActiveCfg = Release|Any CPU
		{0323023C-B8DA-4529-BF31-0BAFAD0410BB}.Release|Any CPU.Build.0 = Release|Any CPU
	EndGlobalSection
	GlobalSection(SolutionProperties) = preSolution
		HideSolutionNode = FALSE
	EndGlobalSection
	GlobalSection(ExtensibilityGlobals) = postSolution
		SolutionGuid = {05DB1C55-7E17-475E-BA29-3D87E9BD21AC}
	EndGlobalSection
EndGlobal
